{
  "name": "@bs-oak/file",
  "version": "0.2.1",
  "lockfileVersion": 1,
  "requires": true,
  "dependencies": {
    "@bs-oak/core": {
      "version": "0.1.12",
      "resolved": "https://registry.npmjs.org/@bs-oak/core/-/core-0.1.12.tgz",
      "integrity": "sha512-mt/h+S3A32cbFkcARzC5rpN5228AZIfGyulKUn+l+hFggY9vd760XGUMe0hHzpH+I6PPI5FionKgu09YXqdG3w==",
      "dev": true
    },
    "bs-platform": {
      "version": "4.0.18",
      "resolved": "https://registry.npmjs.org/bs-platform/-/bs-platform-4.0.18.tgz",
      "integrity": "sha512-BwzW0iYHvREqUZIgQxJmdJrxexppLvJxYQ4LLexbhCp7uZU5DIZ5ub4ZHpkCkc8fn8bsXWc+Rrejb3csi+BoAQ==",
      "dev": true
    }
  }
}
